
Microsoft Visual Studio Solution File, Format Version 12.00
# Visual Studio Version 17
VisualStudioVersion = 17.3.32929.385
MinimumVisualStudioVersion = 10.0.40219.1
Project("{2150E333-8FDC-42A3-9474-1A3956D46DE8}") = "src", "src", "{35A4E5F7-16C3-42A8-991C-C260FDB3C958}"
EndProject
Project("{2150E333-8FDC-42A3-9474-1A3956D46DE8}") = "test", "test", "{A030897D-F0DC-4EED-B5FE-84130CD9B0CA}"
EndProject
Project("{9A19103F-16F7-4668-BE54-9A1E7A4F7556}") = "aoc", "src\aoc.csproj", "{BE685138-0B9D-4750-A7B8-A12C6C935492}"
EndProject
Project("{9A19103F-16F7-4668-BE54-9A1E7A4F7556}") = "aoc.test", "test\aoc.test.csproj", "{620C1FA3-E2F5-4998-91F7-7584E4C17C17}"
EndProject
Global
	GlobalSection(SolutionConfigurationPlatforms) = preSolution
		Debug|Any CPU = Debug|Any CPU
		Release|Any CPU = Release|Any CPU
	EndGlobalSection
	GlobalSection(ProjectConfigurationPlatforms) = postSolution
		{BE685138-0B9D-4750-A7B8-A12C6C935492}.Debug|Any CPU.ActiveCfg = Debug|Any CPU
		{BE685138-0B9D-4750-A7B8-A12C6C935492}.Debug|Any CPU.Build.0 = Debug|Any CPU
		{BE685138-0B9D-4750-A7B8-A12C6C935492}.Release|Any CPU.ActiveCfg = Release|Any CPU
		{BE685138-0B9D-4750-A7B8-A12C6C935492}.Release|Any CPU.Build.0 = Release|Any CPU
		{620C1FA3-E2F5-4998-91F7-7584E4C17C17}.Debug|Any CPU.ActiveCfg = Debug|Any CPU
		{620C1FA3-E2F5-4998-91F7-7584E4C17C17}.Debug|Any CPU.Build.0 = Debug|Any CPU
		{620C1FA3-E2F5-4998-91F7-7584E4C17C17}.Release|Any CPU.ActiveCfg = Release|Any CPU
		{620C1FA3-E2F5-4998-91F7-7584E4C17C17}.Release|Any CPU.Build.0 = Release|Any CPU
	EndGlobalSection
	GlobalSection(SolutionProperties) = preSolution
		HideSolutionNode = FALSE
	EndGlobalSection
	GlobalSection(NestedProjects) = preSolution
		{BE685138-0B9D-4750-A7B8-A12C6C935492} = {35A4E5F7-16C3-42A8-991C-C260FDB3C958}
		{620C1FA3-E2F5-4998-91F7-7584E4C17C17} = {A030897D-F0DC-4EED-B5FE-84130CD9B0CA}
	EndGlobalSection
	GlobalSection(ExtensibilityGlobals) = postSolution
		SolutionGuid = {769C603D-BBDE-40D9-A543-D73B5C41D9C2}
	EndGlobalSection
EndGlobal
